
Microsoft Visual Studio Solution File, Format Version 12.00
# Visual Studio Version 17
VisualStudioVersion = 17.8.0
MinimumVisualStudioVersion = 10.0.40219.1
Project("{FAE04EC0-301F-11D3-BF4B-00C04F79EFBC}") = "JasylEl", "JasylEl.csproj", "{6FAEAB88-5894-429C-98B1-580DB8C649FE}"
EndProject
Global
	GlobalSection(SolutionConfigurationPlatforms) = preSolution
		Debug|Any CPU = Debug|Any CPU
		Release|Any CPU = Release|Any CPU
	EndGlobalSection
	GlobalSection(ProjectConfigurationPlatforms) = postSolution
		{6FAEAB88-5894-429C-98B1-580DB8C649FE}.Debug|Any CPU.ActiveCfg = Debug|Any CPU
		{6FAEAB88-5894-429C-98B1-580DB8C649FE}.Debug|Any CPU.Build.0 = Debug|Any CPU
		{6FAEAB88-5894-429C-98B1-580DB8C649FE}.Release|Any CPU.ActiveCfg = Release|Any CPU
		{6FAEAB88-5894-429C-98B1-580DB8C649FE}.Release|Any CPU.Build.0 = Release|Any CPU
	EndGlobalSection
	GlobalSection(SolutionProperties) = preSolution
		HideSolutionNode = FALSE
	EndGlobalSection
	GlobalSection(ExtensibilityGlobals) = postSolution
		SolutionGuid = {C9679E90-62CA-4B72-8359-4B139AA3D51C}
	EndGlobalSection
EndGlobal
